
Microsoft Visual Studio Solution File, Format Version 12.00
# Visual Studio Version 16
VisualStudioVersion = 16.0.29102.190
MinimumVisualStudioVersion = 10.0.40219.1
Project("{FAE04EC0-301F-11D3-BF4B-00C04F79EFBC}") = "Gmail", "Gmail\Gmail.csproj", "{687E3297-DC92-49E2-90E1-7DD9B6C166A6}"
EndProject
Project("{FAE04EC0-301F-11D3-BF4B-00C04F79EFBC}") = "Entidades", "Entidades\Entidades.csproj", "{9D0B3F28-1B34-402E-9C25-97A8FC161D24}"
EndProject
Global
	GlobalSection(SolutionConfigurationPlatforms) = preSolution
		Debug|Any CPU = Debug|Any CPU
		Release|Any CPU = Release|Any CPU
	EndGlobalSection
	GlobalSection(ProjectConfigurationPlatforms) = postSolution
		{687E3297-DC92-49E2-90E1-7DD9B6C166A6}.Debug|Any CPU.ActiveCfg = Debug|Any CPU
		{687E3297-DC92-49E2-90E1-7DD9B6C166A6}.Debug|Any CPU.Build.0 = Debug|Any CPU
		{687E3297-DC92-49E2-90E1-7DD9B6C166A6}.Release|Any CPU.ActiveCfg = Release|Any CPU
		{687E3297-DC92-49E2-90E1-7DD9B6C166A6}.Release|Any CPU.Build.0 = Release|Any CPU
		{9D0B3F28-1B34-402E-9C25-97A8FC161D24}.Debug|Any CPU.ActiveCfg = Debug|Any CPU
		{9D0B3F28-1B34-402E-9C25-97A8FC161D24}.Debug|Any CPU.Build.0 = Debug|Any CPU
		{9D0B3F28-1B34-402E-9C25-97A8FC161D24}.Release|Any CPU.ActiveCfg = Release|Any CPU
		{9D0B3F28-1B34-402E-9C25-97A8FC161D24}.Release|Any CPU.Build.0 = Release|Any CPU
	EndGlobalSection
	GlobalSection(SolutionProperties) = preSolution
		HideSolutionNode = FALSE
	EndGlobalSection
	GlobalSection(ExtensibilityGlobals) = postSolution
		SolutionGuid = {C5A4AB10-BDBF-408D-91AC-5E1F77240E4D}
	EndGlobalSection
EndGlobal
